
Microsoft Visual Studio Solution File, Format Version 12.00
# Visual Studio Version 17
VisualStudioVersion = 17.6.33829.357
MinimumVisualStudioVersion = 10.0.40219.1
Project("{FAE04EC0-301F-11D3-BF4B-00C04F79EFBC}") = "Classwork_12.01.24(cookies&sessions)", "Classwork_12.01.24(cookies&sessions)\Classwork_12.01.24(cookies&sessions).csproj", "{AACBFA5B-C9E7-4D13-AE2C-BFF06DEDDBA1}"
EndProject
Global
	GlobalSection(SolutionConfigurationPlatforms) = preSolution
		Debug|Any CPU = Debug|Any CPU
		Release|Any CPU = Release|Any CPU
	EndGlobalSection
	GlobalSection(ProjectConfigurationPlatforms) = postSolution
		{AACBFA5B-C9E7-4D13-AE2C-BFF06DEDDBA1}.Debug|Any CPU.ActiveCfg = Debug|Any CPU
		{AACBFA5B-C9E7-4D13-AE2C-BFF06DEDDBA1}.Debug|Any CPU.Build.0 = Debug|Any CPU
		{AACBFA5B-C9E7-4D13-AE2C-BFF06DEDDBA1}.Release|Any CPU.ActiveCfg = Release|Any CPU
		{AACBFA5B-C9E7-4D13-AE2C-BFF06DEDDBA1}.Release|Any CPU.Build.0 = Release|Any CPU
	EndGlobalSection
	GlobalSection(SolutionProperties) = preSolution
		HideSolutionNode = FALSE
	EndGlobalSection
	GlobalSection(ExtensibilityGlobals) = postSolution
		SolutionGuid = {26F2DF46-B8AB-4B26-83B5-FBD2CE19306D}
	EndGlobalSection
EndGlobal
